{
  "requires": true,
  "lockfileVersion": 1,
  "dependencies": {
    "@hcaptcha/react-hcaptcha": {
      "version": "0.3.4",
      "resolved": "https://registry.npmjs.org/@hcaptcha/react-hcaptcha/-/react-hcaptcha-0.3.4.tgz",
      "integrity": "sha512-yY1Sj0I1Hg8VUWasNWqJ+8iEMgNU23RHKTr+DYhp1ta3pm2j0V8Lfv1eX6yeix681wWTlOXcWA2BHBJBDHfdWw=="
    }
  }
}
